
Microsoft Visual Studio Solution File, Format Version 12.00
# Visual Studio Version 17
VisualStudioVersion = 17.13.35825.156 d17.13
MinimumVisualStudioVersion = 10.0.40219.1
Project("{FAE04EC0-301F-11D3-BF4B-00C04F79EFBC}") = "RimPipe", "RimPipe.csproj", "{D3F8A1B2-4C5E-6D7F-8901-2A3B4C5D6E7F}"
EndProject
Global
	GlobalSection(SolutionConfigurationPlatforms) = preSolution
		Debug|Any CPU = Debug|Any CPU
		Release|Any CPU = Release|Any CPU
	EndGlobalSection
	GlobalSection(ProjectConfigurationPlatforms) = postSolution
		{D3F8A1B2-4C5E-6D7F-8901-2A3B4C5D6E7F}.Debug|Any CPU.ActiveCfg = Debug|Any CPU
		{D3F8A1B2-4C5E-6D7F-8901-2A3B4C5D6E7F}.Debug|Any CPU.Build.0 = Debug|Any CPU
		{D3F8A1B2-4C5E-6D7F-8901-2A3B4C5D6E7F}.Release|Any CPU.ActiveCfg = Release|Any CPU
		{D3F8A1B2-4C5E-6D7F-8901-2A3B4C5D6E7F}.Release|Any CPU.Build.0 = Release|Any CPU
	EndGlobalSection
	GlobalSection(SolutionProperties) = preSolution
		HideSolutionNode = FALSE
	EndGlobalSection
	GlobalSection(ExtensibilityGlobals) = postSolution
		SolutionGuid = {E4F9B1C3-5D6F-7E80-9012-3B4C5D6E7F8A}
	EndGlobalSection
EndGlobal
